# Generated by conda-lock.
# platform: osx-arm64
# input_hash: ea175fad8444da436fb80faa61db0e31e6b7880aa06d6c0a454e0163e0aaacb7
@EXPLICIT
https://conda.anaconda.org/conda-forge/osx-arm64/bzip2-1.0.8-h3422bc3_4.tar.bz2#fc76ace7b94fb1f694988ab1b14dd248
https://conda.anaconda.org/conda-forge/osx-arm64/ca-certificates-2023.5.7-hf0a4a13_0.conda#a8387be82224743cf849fb907790b91a
https://conda.anaconda.org/conda-forge/osx-arm64/libcxx-16.0.6-h4653b0c_0.conda#9d7d724faf0413bf1dbc5a85935700c8
https://conda.anaconda.org/conda-forge/osx-arm64/libexpat-2.5.0-hb7217d7_1.conda#5a097ad3d17e42c148c9566280481317
https://conda.anaconda.org/conda-forge/osx-arm64/libffi-3.4.2-h3422bc3_5.tar.bz2#086914b672be056eb70fd4285b6783b6
https://conda.anaconda.org/conda-forge/osx-arm64/libzlib-1.2.13-h53f4e23_5.conda#1a47f5236db2e06a320ffa0392f81bd8
https://conda.anaconda.org/conda-forge/osx-arm64/llvm-openmp-16.0.6-h1c12783_0.conda#52e5730888439f7f55fd4f83905581b4
https://conda.anaconda.org/conda-forge/osx-arm64/ncurses-6.4-h7ea286d_0.conda#318337fb9d0c53ba635efb7888242373
https://conda.anaconda.org/conda-forge/osx-arm64/python_abi-3.11-3_cp311.conda#e1586496f8acd1c9293019ab14dbde9d
https://conda.anaconda.org/conda-forge/noarch/tzdata-2023c-h71feb2d_0.conda#939e3e74d8be4dac89ce83b20de2492a
https://conda.anaconda.org/conda-forge/osx-arm64/xz-5.2.6-h57fd34a_0.tar.bz2#39c6b54e94014701dd157f4f576ed211
https://conda.anaconda.org/conda-forge/osx-arm64/yaml-0.2.5-h3422bc3_2.tar.bz2#4bb3f014845110883a3c5ee811fd84b4
https://conda.anaconda.org/conda-forge/osx-arm64/libgfortran5-12.2.0-h0eea778_31.conda#244a7665228221cc951d5126b8bc1465
https://conda.anaconda.org/conda-forge/osx-arm64/libsqlite-3.42.0-hb31c410_0.conda#6ae1bbf3ae393a45a75685072fffbe8d
https://conda.anaconda.org/conda-forge/osx-arm64/openssl-3.1.1-h53f4e23_1.conda#7451b96ed28b5fd02f0df32689327755
https://conda.anaconda.org/conda-forge/osx-arm64/readline-8.2-h92ec313_1.conda#8cbb776a2f641b943d413b3e19df71f4
https://conda.anaconda.org/conda-forge/osx-arm64/tk-8.6.12-he1e0b03_0.tar.bz2#2cb3d18eac154109107f093860bd545f
https://conda.anaconda.org/conda-forge/osx-arm64/libgfortran-5.0.0-12_2_0_hd922786_31.conda#dfc3dff1ce831c8e821f19d5d218825a
https://conda.anaconda.org/conda-forge/osx-arm64/python-3.11.4-h47c9636_0_cpython.conda#b790b3cac8db7bdf2aaced9460bdbce4
https://conda.anaconda.org/conda-forge/noarch/appdirs-1.4.4-pyh9f0ad1d_0.tar.bz2#5f095bc6454094e96f146491fd03633b
https://conda.anaconda.org/conda-forge/noarch/attrs-23.1.0-pyh71513ae_1.conda#3edfead7cedd1ab4400a6c588f3e75f8
https://conda.anaconda.org/conda-forge/noarch/cachy-0.3.0-pyhd8ed1ab_1.tar.bz2#5dfee17f24e2dfd18d7392b48c9351e2
https://conda.anaconda.org/conda-forge/noarch/certifi-2023.5.7-pyhd8ed1ab_0.conda#5d1b71c942b8421285934dad1d891ebc
https://conda.anaconda.org/conda-forge/noarch/charset-normalizer-3.2.0-pyhd8ed1ab_0.conda#313516e9a4b08b12dfb1e1cd390a96e3
https://conda.anaconda.org/conda-forge/noarch/click-8.1.4-unix_pyh707e725_0.conda#fcae73fbdce7981fd500c626bb1ba6ab
https://conda.anaconda.org/conda-forge/noarch/colorama-0.4.6-pyhd8ed1ab_0.tar.bz2#3faab06a954c2a04039983f2c4a50d99
https://conda.anaconda.org/conda-forge/noarch/crashtest-0.4.1-pyhd8ed1ab_0.tar.bz2#709a2295dd907bb34afb57d54320642f
https://conda.anaconda.org/conda-forge/noarch/distlib-0.3.6-pyhd8ed1ab_0.tar.bz2#b65b4d50dbd2d50fa0aeac367ec9eed7
https://conda.anaconda.org/conda-forge/noarch/filelock-3.12.2-pyhd8ed1ab_0.conda#53522ec72e6adae42bd373ef58357230
https://conda.anaconda.org/conda-forge/noarch/idna-3.4-pyhd8ed1ab_0.tar.bz2#34272b248891bddccc64479f9a7fffed
https://conda.anaconda.org/conda-forge/osx-arm64/libopenblas-0.3.23-openmp_hc731615_0.conda#a40b73e171a91527c79fb1c8b10e3312
https://conda.anaconda.org/conda-forge/noarch/lockfile-0.12.2-py_1.tar.bz2#c104d98e09c47519950cffb8dd5b4f10
https://conda.anaconda.org/conda-forge/osx-arm64/markupsafe-2.1.3-py311heffc1b2_0.conda#64767fbeb9e55231662b75405f9e01e4
https://conda.anaconda.org/conda-forge/noarch/more-itertools-9.1.0-pyhd8ed1ab_0.conda#1698a717f83cfecf644a877c174c84bd
https://conda.anaconda.org/conda-forge/osx-arm64/msgpack-python-1.0.5-py311hd6ee22a_0.conda#216b2bab4db761d91b3341fbc10631fb
https://conda.anaconda.org/conda-forge/noarch/packaging-23.1-pyhd8ed1ab_0.conda#91cda59e66e1e4afe9476f8ef98f5c30
https://conda.anaconda.org/conda-forge/noarch/pastel-0.2.1-pyhd8ed1ab_0.tar.bz2#a4eea5bff523f26442405bc5d1f52adb
https://conda.anaconda.org/conda-forge/noarch/pkginfo-1.9.6-pyhd8ed1ab_0.conda#be1e9f1c65a1ed0f2ae9352fec99db64
https://conda.anaconda.org/conda-forge/noarch/pkgutil-resolve-name-1.3.10-pyhd8ed1ab_0.tar.bz2#89e3c7cdde7d3aaa2aee933b604dd07f
https://conda.anaconda.org/conda-forge/noarch/ptyprocess-0.7.0-pyhd3deb0d_0.tar.bz2#359eeb6536da0e687af562ed265ec263
https://conda.anaconda.org/conda-forge/noarch/pycparser-2.21-pyhd8ed1ab_0.tar.bz2#076becd9e05608f8dc72757d5f3a91ff
https://conda.anaconda.org/conda-forge/noarch/pylev-1.4.0-pyhd8ed1ab_0.tar.bz2#edf8651c4379d9d1495ad6229622d150
https://conda.anaconda.org/conda-forge/noarch/pysocks-1.7.1-pyha2e5f31_6.tar.bz2#2a7de29fb590ca14b5243c4c812c8025
https://conda.anaconda.org/conda-forge/noarch/python-installer-0.7.0-pyhd8ed1ab_0.conda#65dea78f903d686c8b0c2feaf0e15e1f
https://conda.anaconda.org/conda-forge/osx-arm64/pyyaml-6.0-py311he2be06e_5.tar.bz2#bd3b5db42251cb399567fa21cea3faf6
https://conda.anaconda.org/conda-forge/osx-arm64/rpds-py-0.8.10-py311h0563b04_0.conda#d1c690fbc6631191b0393808a3767c36
https://conda.anaconda.org/conda-forge/osx-arm64/ruamel.yaml.clib-0.2.7-py311he2be06e_1.conda#693e8b069d8b9dac3900d78ae86d79e4
https://conda.anaconda.org/conda-forge/noarch/setuptools-68.0.0-pyhd8ed1ab_0.conda#5a7739d0f57ee64133c9d32e6507c46d
https://conda.anaconda.org/conda-forge/noarch/shellingham-1.5.1-pyhd8ed1ab_0.conda#1de44299f48f522caa2e0074231614e1
https://conda.anaconda.org/conda-forge/noarch/six-1.16.0-pyh6c4a22f_0.tar.bz2#e5f25f8dbc060e9a8d912e432202afc2
https://conda.anaconda.org/conda-forge/noarch/smmap-3.0.5-pyh44b312d_0.tar.bz2#3a8dc70789709aa315325d5df06fb7e4
https://conda.anaconda.org/conda-forge/noarch/tomli-2.0.1-pyhd8ed1ab_0.tar.bz2#5844808ffab9ebdb694585b50ba02a96
https://conda.anaconda.org/conda-forge/noarch/tomlkit-0.11.8-pyha770c72_0.conda#75838e8556166263a82038b51d01d5f1
https://conda.anaconda.org/conda-forge/noarch/toolz-0.12.0-pyhd8ed1ab_0.tar.bz2#92facfec94bc02d6ccf42e7173831a36
https://conda.anaconda.org/conda-forge/noarch/trove-classifiers-2023.7.6-pyhd8ed1ab_0.conda#c9918f6a3973e28a792e747289734cd3
https://conda.anaconda.org/conda-forge/noarch/typing-3.10.0.0-pyhd8ed1ab_0.tar.bz2#e6573ac68718f17b9d4f5c8eda3190f2
https://conda.anaconda.org/conda-forge/noarch/typing_extensions-4.7.1-pyha770c72_0.conda#c39d6a09fe819de4951c2642629d9115
https://conda.anaconda.org/conda-forge/noarch/webencodings-0.5.1-py_1.tar.bz2#3563be4c5611a44210d9ba0c16113136
https://conda.anaconda.org/conda-forge/noarch/wheel-0.40.0-pyhd8ed1ab_0.conda#49bb0d9e60ce1db25e151780331bb5f3
https://conda.anaconda.org/conda-forge/noarch/zipp-3.16.0-pyhd8ed1ab_1.conda#0ea0b5003b96e53769a5f70175ff5264
https://conda.anaconda.org/conda-forge/noarch/backports.cached-property-1.0.2-pyhd8ed1ab_0.tar.bz2#0e1df3978dd516e20ef88c86d51e5432
https://conda.anaconda.org/conda-forge/osx-arm64/cffi-1.15.1-py311hae827db_3.conda#bb7a416f8871a6cf6ddec76450d6cf7b
https://conda.anaconda.org/conda-forge/noarch/click-default-group-1.2.2-pyhd8ed1ab_1.tar.bz2#72a46ffc25701c173932fd55cf0965d3
https://conda.anaconda.org/conda-forge/noarch/clikit-0.6.2-pyhd8ed1ab_2.conda#02abb7b66b02e8b9f5a9b05454400087
https://conda.anaconda.org/conda-forge/noarch/gitdb-4.0.10-pyhd8ed1ab_0.conda#3706d2f3d7cb5dae600c833345a76132
https://conda.anaconda.org/conda-forge/noarch/html5lib-1.1-pyh9f0ad1d_0.tar.bz2#b2355343d6315c892543200231d7154a
https://conda.anaconda.org/conda-forge/noarch/importlib-metadata-6.8.0-pyha770c72_0.conda#4e9f59a060c3be52bc4ddc46ee9b6946
https://conda.anaconda.org/conda-forge/noarch/importlib_resources-6.0.0-pyhd8ed1ab_1.conda#a08b6be5bf18b9d2a927d3457750f82e
https://conda.anaconda.org/conda-forge/noarch/jaraco.classes-3.3.0-pyhd8ed1ab_0.conda#e9f79248d30e942f7c358ff21a1790f5
https://conda.anaconda.org/conda-forge/noarch/jinja2-3.1.2-pyhd8ed1ab_1.tar.bz2#c8490ed5c70966d232fdd389d0dbed37
https://conda.anaconda.org/conda-forge/osx-arm64/libblas-3.9.0-17_osxarm64_openblas.conda#2597bd39632ec57ef3f5ac14865dca09
https://conda.anaconda.org/conda-forge/noarch/pexpect-4.8.0-pyh1a96a4e_2.tar.bz2#330448ce4403cc74990ac07c555942a1
https://conda.anaconda.org/conda-forge/noarch/pip-23.1.2-pyhd8ed1ab_0.conda#7288da0d36821349cf1126e8670292df
https://conda.anaconda.org/conda-forge/noarch/pyproject_hooks-1.0.0-pyhd8ed1ab_0.conda#21de50391d584eb7f4441b9de1ad773f
https://conda.anaconda.org/conda-forge/noarch/referencing-0.29.1-pyhd8ed1ab_0.conda#ec2794be57ba0a88e8e0277d51d58361
https://conda.anaconda.org/conda-forge/osx-arm64/ruamel.yaml-0.17.32-py311heffc1b2_0.conda#905e130803eaa5de60e0bcfdcc623a83
https://conda.anaconda.org/conda-forge/noarch/typing-extensions-4.7.1-hd8ed1ab_0.conda#f96688577f1faa58096d06a45136afa2
https://conda.anaconda.org/conda-forge/noarch/annotated-types-0.5.0-pyhd8ed1ab_0.conda#578ae086f225bc2380c79f3b551ff2f7
https://conda.anaconda.org/conda-forge/osx-arm64/brotlipy-0.7.0-py311he2be06e_1005.tar.bz2#31942140cc59c7985448a29fc159f850
https://conda.anaconda.org/conda-forge/osx-arm64/cryptography-41.0.2-py311h5fb2c35_0.conda#9decab11e17627524e390b32b242dc84
https://conda.anaconda.org/conda-forge/noarch/gitpython-3.1.32-pyhd8ed1ab_0.conda#5809a12901d57388444c3293c975d0bb
https://conda.anaconda.org/conda-forge/noarch/importlib_metadata-6.8.0-hd8ed1ab_0.conda#b279b07ce18058034e5b3606ba103a8b
https://conda.anaconda.org/conda-forge/noarch/jsonschema-specifications-2023.6.1-pyhd8ed1ab_0.conda#f1c5c9ad5e7885a4c99d516fa4c791b4
https://conda.anaconda.org/conda-forge/osx-arm64/libcblas-3.9.0-17_osxarm64_openblas.conda#cf6f9ca46e3db6b2437024df14046b48
https://conda.anaconda.org/conda-forge/osx-arm64/liblapack-3.9.0-17_osxarm64_openblas.conda#d93cc56c1467a5bcf6a4c9c0be469114
https://conda.anaconda.org/conda-forge/noarch/platformdirs-3.8.1-pyhd8ed1ab_0.conda#e76070baecfaca6ecdb5fbd5af7c9309
https://conda.anaconda.org/conda-forge/noarch/poetry-core-1.6.1-pyhd8ed1ab_0.conda#a6d1f61527c27fcc0165a6701a46b9f4
https://conda.anaconda.org/conda-forge/osx-arm64/pydantic-core-2.1.2-py311h0563b04_0.conda#b2c2fbe436df391cc3a23896f1d95b0c
https://conda.anaconda.org/conda-forge/noarch/python-build-0.10.0-pyhd8ed1ab_1.conda#0ab47ce574f6a8bcb9f2076436e7fedb
https://conda.anaconda.org/conda-forge/osx-arm64/xattr-0.10.1-py311he2be06e_0.conda#f81ba96c397a4405aab688c21b8051a5
https://conda.anaconda.org/conda-forge/noarch/jsonschema-4.18.2-pyhd8ed1ab_0.conda#71274b4369ed6b65cad006d39698cf1e
https://conda.anaconda.org/conda-forge/osx-arm64/keyring-23.13.1-py311h267d04e_0.conda#5e309e7f2ccc2db9808c071e9b8b0ed1
https://conda.anaconda.org/conda-forge/osx-arm64/numpy-1.25.1-py311hb8f3215_0.conda#d846aa51d3965c982033451bd9c4b969
https://conda.anaconda.org/conda-forge/noarch/poetry-plugin-export-1.4.0-pyhd8ed1ab_0.conda#00893c7ea4f9f7620706e0aa94c01b6e
https://conda.anaconda.org/conda-forge/osx-arm64/pydantic-2.0.2-py311heffc1b2_1.conda#ed6138b83177121b386baebd51541f51
https://conda.anaconda.org/conda-forge/noarch/pyopenssl-23.2.0-pyhd8ed1ab_1.conda#34f7d568bf59d18e3fef8c405cbece21
https://conda.anaconda.org/conda-forge/noarch/virtualenv-20.23.1-pyhd8ed1ab_0.conda#838b85f656b078bdd882ef97978e7f40
https://conda.anaconda.org/conda-forge/osx-arm64/rapidfuzz-2.15.1-py311ha397e9f_0.conda#ead77bde8553c8387e95cac89e215f93
https://conda.anaconda.org/conda-forge/noarch/urllib3-1.26.15-pyhd8ed1ab_0.conda#27db656619a55d727eaf5a6ece3d2fd6
https://conda.anaconda.org/conda-forge/noarch/cleo-2.0.1-pyhd8ed1ab_0.conda#f1c5f2af6676cbe9206e191d1e70f661
https://conda.anaconda.org/conda-forge/osx-arm64/dulwich-0.21.5-py311heffc1b2_0.conda#eb94890d1213848e7df827268bb8b586
https://conda.anaconda.org/conda-forge/noarch/requests-2.31.0-pyhd8ed1ab_0.conda#a30144e4156cdbb236f99ebb49828f8b
https://conda.anaconda.org/conda-forge/noarch/cachecontrol-0.12.14-pyhd8ed1ab_0.conda#db23395890ef31be3c2320fb41b665b0
https://conda.anaconda.org/conda-forge/noarch/ensureconda-1.4.3-pyhd8ed1ab_0.tar.bz2#c99ae3abf501990769047b4b40a98f17
https://conda.anaconda.org/conda-forge/noarch/requests-toolbelt-1.0.0-pyhd8ed1ab_0.conda#99c98318c8646b08cc764f90ce98906e
https://conda.anaconda.org/conda-forge/noarch/cachecontrol-with-filecache-0.12.14-pyhd8ed1ab_0.conda#43ed0c094b39bb352382db8105ab0b94
https://conda.anaconda.org/conda-forge/noarch/conda-lock-2.1.0-pyhd8ed1ab_0.conda#1e07afcf3d3e371fc3a3681fe9b78e90
https://conda.anaconda.org/conda-forge/noarch/poetry-1.5.1-osx_pyhd8ed1ab_0.conda#cb22f4398986b6cde646b8ec6efe141f
